
Microsoft Visual Studio Solution File, Format Version 12.00
# Visual Studio Version 17
VisualStudioVersion = 17.13.35931.197
MinimumVisualStudioVersion = 10.0.40219.1
Project("{FAE04EC0-301F-11D3-BF4B-00C04F79EFBC}") = "ITFusionTask", "ITFusionTask\ITFusionTask.csproj", "{2498D372-1E08-4F11-BC85-A0FD0422BB7C}"
EndProject
Project("{FAE04EC0-301F-11D3-BF4B-00C04F79EFBC}") = "ITFusionTask.Data", "ITFusionTask.Data\ITFusionTask.Data.csproj", "{940698FB-BF18-4932-BE4F-237E367DF34D}"
EndProject
Project("{FAE04EC0-301F-11D3-BF4B-00C04F79EFBC}") = "ITFusionTask.Reposatories", "ITFusionTask.Reposatories\ITFusionTask.Reposatories.csproj", "{323D2AA3-B9FD-4E72-BF2B-FEF51D8BF8D8}"
EndProject
Project("{FAE04EC0-301F-11D3-BF4B-00C04F79EFBC}") = "ITFusionTask.Services", "ITFusionTask.Services\ITFusionTask.Services.csproj", "{419B6168-6B77-44E1-9CF9-C799B8F66B79}"
EndProject
Project("{FAE04EC0-301F-11D3-BF4B-00C04F79EFBC}") = "ITFusionTask.API", "ITFusionTask.API\ITFusionTask.API.csproj", "{821AC41D-9A7E-4A63-9FB9-82E0E6BD9451}"
EndProject
Global
	GlobalSection(SolutionConfigurationPlatforms) = preSolution
		Debug|Any CPU = Debug|Any CPU
		Release|Any CPU = Release|Any CPU
	EndGlobalSection
	GlobalSection(ProjectConfigurationPlatforms) = postSolution
		{2498D372-1E08-4F11-BC85-A0FD0422BB7C}.Debug|Any CPU.ActiveCfg = Debug|Any CPU
		{2498D372-1E08-4F11-BC85-A0FD0422BB7C}.Debug|Any CPU.Build.0 = Debug|Any CPU
		{2498D372-1E08-4F11-BC85-A0FD0422BB7C}.Release|Any CPU.ActiveCfg = Release|Any CPU
		{2498D372-1E08-4F11-BC85-A0FD0422BB7C}.Release|Any CPU.Build.0 = Release|Any CPU
		{940698FB-BF18-4932-BE4F-237E367DF34D}.Debug|Any CPU.ActiveCfg = Debug|Any CPU
		{940698FB-BF18-4932-BE4F-237E367DF34D}.Debug|Any CPU.Build.0 = Debug|Any CPU
		{940698FB-BF18-4932-BE4F-237E367DF34D}.Release|Any CPU.ActiveCfg = Release|Any CPU
		{940698FB-BF18-4932-BE4F-237E367DF34D}.Release|Any CPU.Build.0 = Release|Any CPU
		{323D2AA3-B9FD-4E72-BF2B-FEF51D8BF8D8}.Debug|Any CPU.ActiveCfg = Debug|Any CPU
		{323D2AA3-B9FD-4E72-BF2B-FEF51D8BF8D8}.Debug|Any CPU.Build.0 = Debug|Any CPU
		{323D2AA3-B9FD-4E72-BF2B-FEF51D8BF8D8}.Release|Any CPU.ActiveCfg = Release|Any CPU
		{323D2AA3-B9FD-4E72-BF2B-FEF51D8BF8D8}.Release|Any CPU.Build.0 = Release|Any CPU
		{419B6168-6B77-44E1-9CF9-C799B8F66B79}.Debug|Any CPU.ActiveCfg = Debug|Any CPU
		{419B6168-6B77-44E1-9CF9-C799B8F66B79}.Debug|Any CPU.Build.0 = Debug|Any CPU
		{419B6168-6B77-44E1-9CF9-C799B8F66B79}.Release|Any CPU.ActiveCfg = Release|Any CPU
		{419B6168-6B77-44E1-9CF9-C799B8F66B79}.Release|Any CPU.Build.0 = Release|Any CPU
		{821AC41D-9A7E-4A63-9FB9-82E0E6BD9451}.Debug|Any CPU.ActiveCfg = Debug|Any CPU
		{821AC41D-9A7E-4A63-9FB9-82E0E6BD9451}.Debug|Any CPU.Build.0 = Debug|Any CPU
		{821AC41D-9A7E-4A63-9FB9-82E0E6BD9451}.Release|Any CPU.ActiveCfg = Release|Any CPU
		{821AC41D-9A7E-4A63-9FB9-82E0E6BD9451}.Release|Any CPU.Build.0 = Release|Any CPU
	EndGlobalSection
	GlobalSection(SolutionProperties) = preSolution
		HideSolutionNode = FALSE
	EndGlobalSection
	GlobalSection(ExtensibilityGlobals) = postSolution
		SolutionGuid = {1508D4AA-5017-48CA-A739-B9711C54F32D}
	EndGlobalSection
EndGlobal
